
Microsoft Visual Studio Solution File, Format Version 12.00
# Visual Studio Version 16
VisualStudioVersion = 16.0.30225.117
MinimumVisualStudioVersion = 10.0.40219.1
Project("{FAE04EC0-301F-11D3-BF4B-00C04F79EFBC}") = "AssimpNet.Interop.Generator", "AssimpNet.Interop.Generator\AssimpNet.Interop.Generator.csproj", "{EA4EF0BE-B8A9-4149-8B5A-7E353AD628C0}"
EndProject
Project("{FAE04EC0-301F-11D3-BF4B-00C04F79EFBC}") = "AssimpStandard", "AssimpStandard\AssimpStandard.csproj", "{2B56C655-477C-44E9-B79E-FC0286407935}"
EndProject
Project("{FAE04EC0-301F-11D3-BF4B-00C04F79EFBC}") = "AssimpStandard.Tests", "AssimpStandard.Tests\AssimpStandard.Tests.csproj", "{A67C3607-C16D-49BA-A392-60B9C65246E0}"
EndProject
Project("{FAE04EC0-301F-11D3-BF4B-00C04F79EFBC}") = "AssimpStandard.Sample", "AssimpStandard.Sample\AssimpStandard.Sample.csproj", "{3647CC9A-C736-4D5F-8BB8-8892600A2BE1}"
EndProject
Global
	GlobalSection(SolutionConfigurationPlatforms) = preSolution
		Debug|Any CPU = Debug|Any CPU
		Net20-Debug|Any CPU = Net20-Debug|Any CPU
		Net20-Release|Any CPU = Net20-Release|Any CPU
		Net45-Debug|Any CPU = Net45-Debug|Any CPU
		Net45-Release|Any CPU = Net45-Release|Any CPU
		Release|Any CPU = Release|Any CPU
	EndGlobalSection
	GlobalSection(ProjectConfigurationPlatforms) = postSolution
		{EA4EF0BE-B8A9-4149-8B5A-7E353AD628C0}.Debug|Any CPU.ActiveCfg = Net45-Debug|Any CPU
		{EA4EF0BE-B8A9-4149-8B5A-7E353AD628C0}.Debug|Any CPU.Build.0 = Net45-Debug|Any CPU
		{EA4EF0BE-B8A9-4149-8B5A-7E353AD628C0}.Net20-Debug|Any CPU.ActiveCfg = Net20-Debug|Any CPU
		{EA4EF0BE-B8A9-4149-8B5A-7E353AD628C0}.Net20-Debug|Any CPU.Build.0 = Net20-Debug|Any CPU
		{EA4EF0BE-B8A9-4149-8B5A-7E353AD628C0}.Net20-Release|Any CPU.ActiveCfg = NET20-Release|Any CPU
		{EA4EF0BE-B8A9-4149-8B5A-7E353AD628C0}.Net20-Release|Any CPU.Build.0 = NET20-Release|Any CPU
		{EA4EF0BE-B8A9-4149-8B5A-7E353AD628C0}.Net45-Debug|Any CPU.ActiveCfg = Net45-Debug|Any CPU
		{EA4EF0BE-B8A9-4149-8B5A-7E353AD628C0}.Net45-Debug|Any CPU.Build.0 = Net45-Debug|Any CPU
		{EA4EF0BE-B8A9-4149-8B5A-7E353AD628C0}.Net45-Release|Any CPU.ActiveCfg = Net45-Release|Any CPU
		{EA4EF0BE-B8A9-4149-8B5A-7E353AD628C0}.Net45-Release|Any CPU.Build.0 = Net45-Release|Any CPU
		{EA4EF0BE-B8A9-4149-8B5A-7E353AD628C0}.Release|Any CPU.ActiveCfg = Net45-Release|Any CPU
		{EA4EF0BE-B8A9-4149-8B5A-7E353AD628C0}.Release|Any CPU.Build.0 = Net45-Release|Any CPU
		{2B56C655-477C-44E9-B79E-FC0286407935}.Debug|Any CPU.ActiveCfg = Debug|Any CPU
		{2B56C655-477C-44E9-B79E-FC0286407935}.Debug|Any CPU.Build.0 = Debug|Any CPU
		{2B56C655-477C-44E9-B79E-FC0286407935}.Net20-Debug|Any CPU.ActiveCfg = Debug|Any CPU
		{2B56C655-477C-44E9-B79E-FC0286407935}.Net20-Debug|Any CPU.Build.0 = Debug|Any CPU
		{2B56C655-477C-44E9-B79E-FC0286407935}.Net20-Release|Any CPU.ActiveCfg = Release|Any CPU
		{2B56C655-477C-44E9-B79E-FC0286407935}.Net20-Release|Any CPU.Build.0 = Release|Any CPU
		{2B56C655-477C-44E9-B79E-FC0286407935}.Net45-Debug|Any CPU.ActiveCfg = Debug|Any CPU
		{2B56C655-477C-44E9-B79E-FC0286407935}.Net45-Debug|Any CPU.Build.0 = Debug|Any CPU
		{2B56C655-477C-44E9-B79E-FC0286407935}.Net45-Release|Any CPU.ActiveCfg = Release|Any CPU
		{2B56C655-477C-44E9-B79E-FC0286407935}.Net45-Release|Any CPU.Build.0 = Release|Any CPU
		{2B56C655-477C-44E9-B79E-FC0286407935}.Release|Any CPU.ActiveCfg = Release|Any CPU
		{2B56C655-477C-44E9-B79E-FC0286407935}.Release|Any CPU.Build.0 = Release|Any CPU
		{A67C3607-C16D-49BA-A392-60B9C65246E0}.Debug|Any CPU.ActiveCfg = Debug|Any CPU
		{A67C3607-C16D-49BA-A392-60B9C65246E0}.Debug|Any CPU.Build.0 = Debug|Any CPU
		{A67C3607-C16D-49BA-A392-60B9C65246E0}.Net20-Debug|Any CPU.ActiveCfg = Debug|Any CPU
		{A67C3607-C16D-49BA-A392-60B9C65246E0}.Net20-Debug|Any CPU.Build.0 = Debug|Any CPU
		{A67C3607-C16D-49BA-A392-60B9C65246E0}.Net20-Release|Any CPU.ActiveCfg = Release|Any CPU
		{A67C3607-C16D-49BA-A392-60B9C65246E0}.Net20-Release|Any CPU.Build.0 = Release|Any CPU
		{A67C3607-C16D-49BA-A392-60B9C65246E0}.Net45-Debug|Any CPU.ActiveCfg = Debug|Any CPU
		{A67C3607-C16D-49BA-A392-60B9C65246E0}.Net45-Debug|Any CPU.Build.0 = Debug|Any CPU
		{A67C3607-C16D-49BA-A392-60B9C65246E0}.Net45-Release|Any CPU.ActiveCfg = Release|Any CPU
		{A67C3607-C16D-49BA-A392-60B9C65246E0}.Net45-Release|Any CPU.Build.0 = Release|Any CPU
		{A67C3607-C16D-49BA-A392-60B9C65246E0}.Release|Any CPU.ActiveCfg = Release|Any CPU
		{A67C3607-C16D-49BA-A392-60B9C65246E0}.Release|Any CPU.Build.0 = Release|Any CPU
		{3647CC9A-C736-4D5F-8BB8-8892600A2BE1}.Debug|Any CPU.ActiveCfg = Debug|Any CPU
		{3647CC9A-C736-4D5F-8BB8-8892600A2BE1}.Debug|Any CPU.Build.0 = Debug|Any CPU
		{3647CC9A-C736-4D5F-8BB8-8892600A2BE1}.Net20-Debug|Any CPU.ActiveCfg = Debug|Any CPU
		{3647CC9A-C736-4D5F-8BB8-8892600A2BE1}.Net20-Debug|Any CPU.Build.0 = Debug|Any CPU
		{3647CC9A-C736-4D5F-8BB8-8892600A2BE1}.Net20-Release|Any CPU.ActiveCfg = Release|Any CPU
		{3647CC9A-C736-4D5F-8BB8-8892600A2BE1}.Net20-Release|Any CPU.Build.0 = Release|Any CPU
		{3647CC9A-C736-4D5F-8BB8-8892600A2BE1}.Net45-Debug|Any CPU.ActiveCfg = Debug|Any CPU
		{3647CC9A-C736-4D5F-8BB8-8892600A2BE1}.Net45-Debug|Any CPU.Build.0 = Debug|Any CPU
		{3647CC9A-C736-4D5F-8BB8-8892600A2BE1}.Net45-Release|Any CPU.ActiveCfg = Release|Any CPU
		{3647CC9A-C736-4D5F-8BB8-8892600A2BE1}.Net45-Release|Any CPU.Build.0 = Release|Any CPU
		{3647CC9A-C736-4D5F-8BB8-8892600A2BE1}.Release|Any CPU.ActiveCfg = Release|Any CPU
		{3647CC9A-C736-4D5F-8BB8-8892600A2BE1}.Release|Any CPU.Build.0 = Release|Any CPU
	EndGlobalSection
	GlobalSection(SolutionProperties) = preSolution
		HideSolutionNode = FALSE
	EndGlobalSection
	GlobalSection(ExtensibilityGlobals) = postSolution
		SolutionGuid = {70643521-1B7A-471F-8320-2016F19BB93E}
	EndGlobalSection
	GlobalSection(SubversionScc) = preSolution
		Svn-Managed = True
		Manager = AnkhSVN - Subversion Support for Visual Studio
	EndGlobalSection
EndGlobal
